
Microsoft Visual Studio Solution File, Format Version 12.00
# Visual Studio Version 16
VisualStudioVersion = 16.0.30907.101
MinimumVisualStudioVersion = 10.0.40219.1
Project("{FAE04EC0-301F-11D3-BF4B-00C04F79EFBC}") = "WeatherApp", "WeatherApp.csproj", "{F80FBE15-F190-44E0-A7A8-69572D652E7D}"
EndProject
Global
	GlobalSection(SolutionConfigurationPlatforms) = preSolution
		Debug|Any CPU = Debug|Any CPU
		Release|Any CPU = Release|Any CPU
	EndGlobalSection
	GlobalSection(ProjectConfigurationPlatforms) = postSolution
		{F80FBE15-F190-44E0-A7A8-69572D652E7D}.Debug|Any CPU.ActiveCfg = Debug|Any CPU
		{F80FBE15-F190-44E0-A7A8-69572D652E7D}.Debug|Any CPU.Build.0 = Debug|Any CPU
		{F80FBE15-F190-44E0-A7A8-69572D652E7D}.Release|Any CPU.ActiveCfg = Release|Any CPU
		{F80FBE15-F190-44E0-A7A8-69572D652E7D}.Release|Any CPU.Build.0 = Release|Any CPU
	EndGlobalSection
	GlobalSection(SolutionProperties) = preSolution
		HideSolutionNode = FALSE
	EndGlobalSection
	GlobalSection(ExtensibilityGlobals) = postSolution
		SolutionGuid = {815349A5-8474-4F80-B3A1-2484059C101A}
	EndGlobalSection
EndGlobal
